
Microsoft Visual Studio Solution File, Format Version 12.00
# Visual Studio 15
VisualStudioVersion = 15.0.26730.16
MinimumVisualStudioVersion = 10.0.40219.1
Project("{FAE04EC0-301F-11D3-BF4B-00C04F79EFBC}") = "Homework7", "Homework7\Homework7.csproj", "{F8708DD9-02FA-4511-8AD2-3A681D973520}"
EndProject
Global
	GlobalSection(SolutionConfigurationPlatforms) = preSolution
		Debug|Any CPU = Debug|Any CPU
		Release|Any CPU = Release|Any CPU
	EndGlobalSection
	GlobalSection(ProjectConfigurationPlatforms) = postSolution
		{F8708DD9-02FA-4511-8AD2-3A681D973520}.Debug|Any CPU.ActiveCfg = Debug|Any CPU
		{F8708DD9-02FA-4511-8AD2-3A681D973520}.Debug|Any CPU.Build.0 = Debug|Any CPU
		{F8708DD9-02FA-4511-8AD2-3A681D973520}.Release|Any CPU.ActiveCfg = Release|Any CPU
		{F8708DD9-02FA-4511-8AD2-3A681D973520}.Release|Any CPU.Build.0 = Release|Any CPU
	EndGlobalSection
	GlobalSection(SolutionProperties) = preSolution
		HideSolutionNode = FALSE
	EndGlobalSection
	GlobalSection(ExtensibilityGlobals) = postSolution
		SolutionGuid = {AE273A5B-2F5E-463E-A0CD-972268F8B5AF}
	EndGlobalSection
EndGlobal
